
Microsoft Visual Studio Solution File, Format Version 12.00
# Visual Studio Version 17
VisualStudioVersion = 17.0.31903.59
MinimumVisualStudioVersion = 10.0.40219.1
Project("{2150E333-8FDC-42A3-9474-1A3956D46DE8}") = "src", "src", "{92F8E445-69E2-49CC-82F2-0FFA29FAC8EA}"
EndProject
Project("{FAE04EC0-301F-11D3-BF4B-00C04F79EFBC}") = "VisionEditCV.Core", "src\VisionEditCV.Core\VisionEditCV.Core.csproj", "{A5DC1DC8-6B7C-4C1B-A134-710CEA71A82E}"
EndProject
Project("{FAE04EC0-301F-11D3-BF4B-00C04F79EFBC}") = "VisionEditCV.Desktop", "src\VisionEditCV.Desktop\VisionEditCV.Desktop.csproj", "{85C24F29-4E6A-4933-B92E-083AACEF3CFD}"
EndProject
Project("{FAE04EC0-301F-11D3-BF4B-00C04F79EFBC}") = "VisionEditCV.Shared", "src\VisionEditCV.Shared\VisionEditCV.Shared.csproj", "{D856C9F3-A343-49A1-84AE-AF20B34C89F9}"
EndProject
Global
	GlobalSection(SolutionConfigurationPlatforms) = preSolution
		Debug|Any CPU = Debug|Any CPU
		Release|Any CPU = Release|Any CPU
	EndGlobalSection
	GlobalSection(SolutionProperties) = preSolution
		HideSolutionNode = FALSE
	EndGlobalSection
	GlobalSection(ProjectConfigurationPlatforms) = postSolution
		{A5DC1DC8-6B7C-4C1B-A134-710CEA71A82E}.Debug|Any CPU.ActiveCfg = Debug|Any CPU
		{A5DC1DC8-6B7C-4C1B-A134-710CEA71A82E}.Debug|Any CPU.Build.0 = Debug|Any CPU
		{A5DC1DC8-6B7C-4C1B-A134-710CEA71A82E}.Release|Any CPU.ActiveCfg = Release|Any CPU
		{A5DC1DC8-6B7C-4C1B-A134-710CEA71A82E}.Release|Any CPU.Build.0 = Release|Any CPU
		{85C24F29-4E6A-4933-B92E-083AACEF3CFD}.Debug|Any CPU.ActiveCfg = Debug|Any CPU
		{85C24F29-4E6A-4933-B92E-083AACEF3CFD}.Debug|Any CPU.Build.0 = Debug|Any CPU
		{85C24F29-4E6A-4933-B92E-083AACEF3CFD}.Release|Any CPU.ActiveCfg = Release|Any CPU
		{85C24F29-4E6A-4933-B92E-083AACEF3CFD}.Release|Any CPU.Build.0 = Release|Any CPU
		{D856C9F3-A343-49A1-84AE-AF20B34C89F9}.Debug|Any CPU.ActiveCfg = Debug|Any CPU
		{D856C9F3-A343-49A1-84AE-AF20B34C89F9}.Debug|Any CPU.Build.0 = Debug|Any CPU
		{D856C9F3-A343-49A1-84AE-AF20B34C89F9}.Release|Any CPU.ActiveCfg = Release|Any CPU
		{D856C9F3-A343-49A1-84AE-AF20B34C89F9}.Release|Any CPU.Build.0 = Release|Any CPU
	EndGlobalSection
	GlobalSection(NestedProjects) = preSolution
		{A5DC1DC8-6B7C-4C1B-A134-710CEA71A82E} = {92F8E445-69E2-49CC-82F2-0FFA29FAC8EA}
		{85C24F29-4E6A-4933-B92E-083AACEF3CFD} = {92F8E445-69E2-49CC-82F2-0FFA29FAC8EA}
		{D856C9F3-A343-49A1-84AE-AF20B34C89F9} = {92F8E445-69E2-49CC-82F2-0FFA29FAC8EA}
	EndGlobalSection
EndGlobal
