Microsoft Visual Studio Solution File, Format Version 12.00
# Visual Studio Version 17
VisualStudioVersion = 17.5.2.0
MinimumVisualStudioVersion = 10.0.40219.1
Project("{FAE04EC0-301F-11D3-BF4B-00C04F79EFBC}") = "VisionEditCV", "VisionEditCV.csproj", "{300D428F-AD4B-B031-3293-37A0A5CC949C}"
EndProject
Global
	GlobalSection(SolutionConfigurationPlatforms) = preSolution
		Debug|Any CPU = Debug|Any CPU
		Release|Any CPU = Release|Any CPU
	EndGlobalSection
	GlobalSection(ProjectConfigurationPlatforms) = postSolution
		{300D428F-AD4B-B031-3293-37A0A5CC949C}.Debug|Any CPU.ActiveCfg = Debug|Any CPU
		{300D428F-AD4B-B031-3293-37A0A5CC949C}.Debug|Any CPU.Build.0 = Debug|Any CPU
		{300D428F-AD4B-B031-3293-37A0A5CC949C}.Release|Any CPU.ActiveCfg = Release|Any CPU
		{300D428F-AD4B-B031-3293-37A0A5CC949C}.Release|Any CPU.Build.0 = Release|Any CPU
	EndGlobalSection
	GlobalSection(SolutionProperties) = preSolution
		HideSolutionNode = FALSE
	EndGlobalSection
	GlobalSection(ExtensibilityGlobals) = postSolution
		SolutionGuid = {2BB183F8-0338-4A55-89C3-61E3D058C621}
	EndGlobalSection
EndGlobal
